Microsoft Visual Studio Solution File, Format Version 12.00
# Visual Studio Version 17
VisualStudioVersion = 17.2.32422.2
MinimumVisualStudioVersion = 10.0.40219.1
Project("{9A19103F-16F7-4668-BE54-9A1E7A4F7556}") = "Oqtane.Server", "..\oqtane.framework\Oqtane.Server\Oqtane.Server.csproj", "{3AB6FCC9-EFEB-4C0E-A2CF-8103914C5196}"
EndProject
Project("{9A19103F-16F7-4668-BE54-9A1E7A4F7556}") = "Dunamix.Material2SicElf.Client", "Client\Dunamix.Material2SicElf.Client.csproj", "{49BBCBCB-639A-48F2-A225-E6940179A46B}"
EndProject
Project("{9A19103F-16F7-4668-BE54-9A1E7A4F7556}") = "Dunamix.Material2SicElf.Package", "Package\Dunamix.Material2SicElf.Package.csproj", "{226D0E40-9A96-4321-B92E-3E855A88ECC1}"
EndProject
Project("{9A19103F-16F7-4668-BE54-9A1E7A4F7556}") = "Oqtane.Shared", "..\Oqtane.Framework\Oqtane.Shared\Oqtane.Shared.csproj", "{41B3A423-C888-49E2-9760-B0A2C3445E56}"
EndProject
Project("{9A19103F-16F7-4668-BE54-9A1E7A4F7556}") = "Oqtane.Client", "..\Oqtane.Framework\Oqtane.Client\Oqtane.Client.csproj", "{FD822315-3AD8-4D46-8B86-271D4E25D787}"
EndProject
Global
	GlobalSection(SolutionConfigurationPlatforms) = preSolution
		Debug|Any CPU = Debug|Any CPU
		Release|Any CPU = Release|Any CPU
	EndGlobalSection
	GlobalSection(ProjectConfigurationPlatforms) = postSolution
		{3AB6FCC9-EFEB-4C0E-A2CF-8103914C5196}.Debug|Any CPU.ActiveCfg = Debug|Any CPU
		{3AB6FCC9-EFEB-4C0E-A2CF-8103914C5196}.Debug|Any CPU.Build.0 = Debug|Any CPU
		{3AB6FCC9-EFEB-4C0E-A2CF-8103914C5196}.Release|Any CPU.ActiveCfg = Release|Any CPU
		{3AB6FCC9-EFEB-4C0E-A2CF-8103914C5196}.Release|Any CPU.Build.0 = Release|Any CPU
		{49BBCBCB-639A-48F2-A225-E6940179A46B}.Debug|Any CPU.ActiveCfg = Debug|Any CPU
		{49BBCBCB-639A-48F2-A225-E6940179A46B}.Debug|Any CPU.Build.0 = Debug|Any CPU
		{49BBCBCB-639A-48F2-A225-E6940179A46B}.Release|Any CPU.ActiveCfg = Release|Any CPU
		{49BBCBCB-639A-48F2-A225-E6940179A46B}.Release|Any CPU.Build.0 = Release|Any CPU
		{226D0E40-9A96-4321-B92E-3E855A88ECC1}.Debug|Any CPU.ActiveCfg = Debug|Any CPU
		{226D0E40-9A96-4321-B92E-3E855A88ECC1}.Debug|Any CPU.Build.0 = Debug|Any CPU
		{226D0E40-9A96-4321-B92E-3E855A88ECC1}.Release|Any CPU.ActiveCfg = Release|Any CPU
		{226D0E40-9A96-4321-B92E-3E855A88ECC1}.Release|Any CPU.Build.0 = Release|Any CPU
		{41B3A423-C888-49E2-9760-B0A2C3445E56}.Debug|Any CPU.ActiveCfg = Debug|Any CPU
		{41B3A423-C888-49E2-9760-B0A2C3445E56}.Debug|Any CPU.Build.0 = Debug|Any CPU
		{41B3A423-C888-49E2-9760-B0A2C3445E56}.Release|Any CPU.ActiveCfg = Release|Any CPU
		{41B3A423-C888-49E2-9760-B0A2C3445E56}.Release|Any CPU.Build.0 = Release|Any CPU
		{FD822315-3AD8-4D46-8B86-271D4E25D787}.Debug|Any CPU.ActiveCfg = Debug|Any CPU
		{FD822315-3AD8-4D46-8B86-271D4E25D787}.Debug|Any CPU.Build.0 = Debug|Any CPU
		{FD822315-3AD8-4D46-8B86-271D4E25D787}.Release|Any CPU.ActiveCfg = Release|Any CPU
		{FD822315-3AD8-4D46-8B86-271D4E25D787}.Release|Any CPU.Build.0 = Release|Any CPU
	EndGlobalSection
	GlobalSection(SolutionProperties) = preSolution
		HideSolutionNode = FALSE
	EndGlobalSection
	GlobalSection(ExtensibilityGlobals) = postSolution
		SolutionGuid = {1D016F15-46FE-4726-8DFD-2E4FD4DC7668}
	EndGlobalSection
EndGlobal
